// !$*UTF8*$!
{
	archiveVersion = 1;
	classes = {
	};
	objectVersion = 50;
	objects = {

/* Begin PBXBuildFile section */
		4A6FBA69211C7B6100C43CB4 /* AppDelegate.swift in Sources */ = {isa = PBXBuildFile; fileRef = 4A6FBA68211C7B6100C43CB4 /* AppDelegate.swift */; };
		4A6FBA6B211C7B6100C43CB4 /* LoginViewController.swift in Sources */ = {isa = PBXBuildFile; fileRef = 4A6FBA6A211C7B6100C43CB4 /* LoginViewController.swift */; };
		4A6FBA6E211C7B6100C43CB4 /* Main.storyboard in Resources */ = {isa = PBXBuildFile; fileRef = 4A6FBA6C211C7B6100C43CB4 /* Main.storyboard */; };
		4A6FBA70211C7B6700C43CB4 /* Assets.xcassets in Resources */ = {isa = PBXBuildFile; fileRef = 4A6FBA6F211C7B6700C43CB4 /* Assets.xcassets */; };
		4A6FBA73211C7B6700C43CB4 /* LaunchScreen.storyboard in Resources */ = {isa = PBXBuildFile; fileRef = 4A6FBA71211C7B6700C43CB4 /* LaunchScreen.storyboard */; };
		4A6FBA7C211C7F7100C43CB4 /* TextField.swift in Sources */ = {isa = PBXBuildFile; fileRef = 4A6FBA7B211C7F7100C43CB4 /* TextField.swift */; };
		4A6FBA7E211CA7A100C43CB4 /* Button.swift in Sources */ = {isa = PBXBuildFile; fileRef = 4A6FBA7D211CA7A100C43CB4 /* Button.swift */; };
		4A6FBA80211CC18400C43CB4 /* RegisterViewController.swift in Sources */ = {isa = PBXBuildFile; fileRef = 4A6FBA7F211CC18400C43CB4 /* RegisterViewController.swift */; };
		9BB0119DB4514054B28DD400 /* Pods_testDycode.framework in Frameworks */ = {isa = PBXBuildFile; fileRef = 115EDB62C7E1A5C447AC109F /* Pods_testDycode.framework */; };
/* End PBXBuildFile section */

/* Begin PBXFileReference section */
		115EDB62C7E1A5C447AC109F /* Pods_testDycode.framework */ = {isa = PBXFileReference; explicitFileType = wrapper.framework; includeInIndex = 0; path = Pods_testDycode.framework; sourceTree = BUILT_PRODUCTS_DIR; };
		3E09B7C263C3FE8ED01F5586 /* Pods-testDycode.release.xcconfig */ = {isa = PBXFileReference; includeInIndex = 1; lastKnownFileType = text.xcconfig; name = "Pods-testDycode.release.xcconfig"; path = "Pods/Target Support Files/Pods-testDycode/Pods-testDycode.release.xcconfig"; sourceTree = "<group>"; };
		4A6FBA65211C7B6100C43CB4 /* testDycode.app */ = {isa = PBXFileReference; explicitFileType = wrapper.application; includeInIndex = 0; path = testDycode.app; sourceTree = BUILT_PRODUCTS_DIR; };
		4A6FBA68211C7B6100C43CB4 /* AppDelegate.swift */ = {isa = PBXFileReference; lastKnownFileType = sourcecode.swift; path = AppDelegate.swift; sourceTree = "<group>"; };
		4A6FBA6A211C7B6100C43CB4 /* LoginViewController.swift */ = {isa = PBXFileReference; lastKnownFileType = sourcecode.swift; path = LoginViewController.swift; sourceTree = "<group>"; };
		4A6FBA6D211C7B6100C43CB4 /* Base */ = {isa = PBXFileReference; lastKnownFileType = file.storyboard; name = Base; path = Base.lproj/Main.storyboard; sourceTree = "<group>"; };
		4A6FBA6F211C7B6700C43CB4 /* Assets.xcassets */ = {isa = PBXFileReference; lastKnownFileType = folder.assetcatalog; path = Assets.xcassets; sourceTree = "<group>"; };
		4A6FBA72211C7B6700C43CB4 /* Base */ = {isa = PBXFileReference; lastKnownFileType = file.storyboard; name = Base; path = Base.lproj/LaunchScreen.storyboard; sourceTree = "<group>"; };
		4A6FBA74211C7B6700C43CB4 /* Info.plist */ = {isa = PBXFileReference; lastKnownFileType = text.plist.xml; path = Info.plist; sourceTree = "<group>"; };
		4A6FBA7B211C7F7100C43CB4 /* TextField.swift */ = {isa = PBXFileReference; lastKnownFileType = sourcecode.swift; path = TextField.swift; sourceTree = "<group>"; };
		4A6FBA7D211CA7A100C43CB4 /* Button.swift */ = {isa = PBXFileReference; lastKnownFileType = sourcecode.swift; path = Button.swift; sourceTree = "<group>"; };
		4A6FBA7F211CC18400C43CB4 /* RegisterViewController.swift */ = {isa = PBXFileReference; lastKnownFileType = sourcecode.swift; path = RegisterViewController.swift; sourceTree = "<group>"; };
		4A741E8D0FCB2EE741F1B314 /* Pods-testDycode.debug.xcconfig */ = {isa = PBXFileReference; includeInIndex = 1; lastKnownFileType = text.xcconfig; name = "Pods-testDycode.debug.xcconfig"; path = "Pods/Target Support Files/Pods-testDycode/Pods-testDycode.debug.xcconfig"; sourceTree = "<group>"; };
/* End PBXFileReference section */

/* Begin PBXFrameworksBuildPhase section */
		4A6FBA62211C7B6100C43CB4 /* Frameworks */ = {
			isa = PBXFrameworksBuildPhase;
			buildActionMask = 2147483647;
			files = (
				9BB0119DB4514054B28DD400 /* Pods_testDycode.framework in Frameworks */,
			);
			runOnlyForDeploymentPostprocessing = 0;
		};
/* End PBXFrameworksBuildPhase section */

/* Begin PBXGroup section */
		4A6FBA5C211C7B6100C43CB4 = {
			isa = PBXGroup;
			children = (
				4A6FBA67211C7B6100C43CB4 /* testDycode */,
				4A6FBA66211C7B6100C43CB4 /* Products */,
				C35971247211273ADC911903 /* Pods */,
				67C728FE4E5CDB9ACB5E0A79 /* Frameworks */,
			);
			sourceTree = "<group>";
		};
		4A6FBA66211C7B6100C43CB4 /* Products */ = {
			isa = PBXGroup;
			children = (
				4A6FBA65211C7B6100C43CB4 /* testDycode.app */,
			);
			name = Products;
			sourceTree = "<group>";
		};
		4A6FBA67211C7B6100C43CB4 /* testDycode */ = {
			isa = PBXGroup;
			children = (
				4A6FBA7A211C7F2700C43CB4 /* Attributes */,
				4A6FBA68211C7B6100C43CB4 /* AppDelegate.swift */,
				4A6FBA6A211C7B6100C43CB4 /* LoginViewController.swift */,
				4A6FBA7F211CC18400C43CB4 /* RegisterViewController.swift */,
				4A6FBA6C211C7B6100C43CB4 /* Main.storyboard */,
				4A6FBA6F211C7B6700C43CB4 /* Assets.xcassets */,
				4A6FBA71211C7B6700C43CB4 /* LaunchScreen.storyboard */,
				4A6FBA74211C7B6700C43CB4 /* Info.plist */,
			);
			path = testDycode;
			sourceTree = "<group>";
		};
		4A6FBA7A211C7F2700C43CB4 /* Attributes */ = {
			isa = PBXGroup;
			children = (
				4A6FBA7B211C7F7100C43CB4 /* TextField.swift */,
				4A6FBA7D211CA7A100C43CB4 /* Button.swift */,
			);
			path = Attributes;
			sourceTree = "<group>";
		};
		67C728FE4E5CDB9ACB5E0A79 /* Frameworks */ = {
			isa = PBXGroup;
			children = (
				115EDB62C7E1A5C447AC109F /* Pods_testDycode.framework */,
			);
			name = Frameworks;
			sourceTree = "<group>";
		};
		C35971247211273ADC911903 /* Pods */ = {
			isa = PBXGroup;
			children = (
				4A741E8D0FCB2EE741F1B314 /* Pods-testDycode.debug.xcconfig */,
				3E09B7C263C3FE8ED01F5586 /* Pods-testDycode.release.xcconfig */,
			);
			name = Pods;
			sourceTree = "<group>";
		};
/* End PBXGroup section */

/* Begin PBXNativeTarget section */
		4A6FBA64211C7B6100C43CB4 /* testDycode */ = {
			isa = PBXNativeTarget;
			buildConfigurationList = 4A6FBA77211C7B6700C43CB4 /* Build configuration list for PBXNativeTarget "testDycode" */;
			buildPhases = (
				159A3EB420336147797D11A8 /* [CP] Check Pods Manifest.lock */,
				4A6FBA61211C7B6100C43CB4 /* Sources */,
				4A6FBA62211C7B6100C43CB4 /* Frameworks */,
				4A6FBA63211C7B6100C43CB4 /* Resources */,
				3848498EFD1E6CA67828B9A2 /* [CP] Embed Pods Frameworks */,
			);
			buildRules = (
			);
			dependencies = (
			);
			name = testDycode;
			productName = testDycode;
			productReference = 4A6FBA65211C7B6100C43CB4 /* testDycode.app */;
			productType = "com.apple.product-type.application";
		};
/* End PBXNativeTarget section */

/* Begin PBXProject section */
		4A6FBA5D211C7B6100C43CB4 /* Project object */ = {
			isa = PBXProject;
			attributes = {
				LastSwiftUpdateCheck = 0940;
				LastUpgradeCheck = 0940;
				ORGANIZATIONNAME = "Topik Mujianto";
				TargetAttributes = {
					4A6FBA64211C7B6100C43CB4 = {
						CreatedOnToolsVersion = 9.4.1;
					};
				};
			};
			buildConfigurationList = 4A6FBA60211C7B6100C43CB4 /* Build configuration list for PBXProject "testDycode" */;
			compatibilityVersion = "Xcode 9.3";
			developmentRegion = en;
			hasScannedForEncodings = 0;
			knownRegions = (
				en,
				Base,
			);
			mainGroup = 4A6FBA5C211C7B6100C43CB4;
			productRefGroup = 4A6FBA66211C7B6100C43CB4 /* Products */;
			projectDirPath = "";
			projectRoot = "";
			targets = (
				4A6FBA64211C7B6100C43CB4 /* testDycode */,
			);
		};
/* End PBXProject section */

/* Begin PBXResourcesBuildPhase section */
		4A6FBA63211C7B6100C43CB4 /* Resources */ = {
			isa = PBXResourcesBuildPhase;
			buildActionMask = 2147483647;
			files = (
				4A6FBA73211C7B6700C43CB4 /* LaunchScreen.storyboard in Resources */,
				4A6FBA70211C7B6700C43CB4 /* Assets.xcassets in Resources */,
				4A6FBA6E211C7B6100C43CB4 /* Main.storyboard in Resources */,
			);
			runOnlyForDeploymentPostprocessing = 0;
		};
/* End PBXResourcesBuildPhase section */

/* Begin PBXShellScriptBuildPhase section */
		159A3EB420336147797D11A8 /* [CP] Check Pods Manifest.lock */ = {
			isa = PBXShellScriptBuildPhase;
			buildActionMask = 2147483647;
			files = (
			);
			inputPaths = (
				"${PODS_PODFILE_DIR_PATH}/Podfile.lock",
				"${PODS_ROOT}/Manifest.lock",
			);
			name = "[CP] Check Pods Manifest.lock";
			outputPaths = (
				"$(DERIVED_FILE_DIR)/Pods-testDycode-checkManifestLockResult.txt",
			);
			runOnlyForDeploymentPostprocessing = 0;
			shellPath = /bin/sh;
			shellScript = "diff \"${PODS_PODFILE_DIR_PATH}/Podfile.lock\" \"${PODS_ROOT}/Manifest.lock\" > /dev/null\nif [ $? != 0 ] ; then\n    # print error to STDERR\n    echo \"error: The sandbox is not in sync with the Podfile.lock. Run 'pod install' or update your CocoaPods installation.\" >&2\n    exit 1\nfi\n# This output is used by Xcode 'outputs' to avoid re-running this script phase.\necho \"SUCCESS\" > \"${SCRIPT_OUTPUT_FILE_0}\"\n";
			showEnvVarsInLog = 0;
		};
		3848498EFD1E6CA67828B9A2 /* [CP] Embed Pods Frameworks */ = {
			isa = PBXShellScriptBuildPhase;
			buildActionMask = 2147483647;
			files = (
			);
			inputPaths = (
				"${SRCROOT}/Pods/Target Support Files/Pods-testDycode/Pods-testDycode-frameworks.sh",
				"${BUILT_PRODUCTS_DIR}/IQKeyboardManagerSwift/IQKeyboardManagerSwift.framework",
			);
			name = "[CP] Embed Pods Frameworks";
			outputPaths = (
				"${TARGET_BUILD_DIR}/${FRAMEWORKS_FOLDER_PATH}/IQKeyboardManagerSwift.framework",
			);
			runOnlyForDeploymentPostprocessing = 0;
			shellPath = /bin/sh;
			shellScript = "\"${SRCROOT}/Pods/Target Support Files/Pods-testDycode/Pods-testDycode-frameworks.sh\"\n";
			showEnvVarsInLog = 0;
		};
/* End PBXShellScriptBuildPhase section */

/* Begin PBXSourcesBuildPhase section */
		4A6FBA61211C7B6100C43CB4 /* Sources */ = {
			isa = PBXSourcesBuildPhase;
			buildActionMask = 2147483647;
			files = (
				4A6FBA7C211C7F7100C43CB4 /* TextField.swift in Sources */,
				4A6FBA80211CC18400C43CB4 /* RegisterViewController.swift in Sources */,
				4A6FBA6B211C7B6100C43CB4 /* LoginViewController.swift in Sources */,
				4A6FBA69211C7B6100C43CB4 /* AppDelegate.swift in Sources */,
				4A6FBA7E211CA7A100C43CB4 /* Button.swift in Sources */,
			);
			runOnlyForDeploymentPostprocessing = 0;
		};
/* End PBXSourcesBuildPhase section */

/* Begin PBXVariantGroup section */
		4A6FBA6C211C7B6100C43CB4 /* Main.storyboard */ = {
			isa = PBXVariantGroup;
			children = (
				4A6FBA6D211C7B6100C43CB4 /* Base */,
			);
			name = Main.storyboard;
			sourceTree = "<group>";
		};
		4A6FBA71211C7B6700C43CB4 /* LaunchScreen.storyboard */ = {
			isa = PBXVariantGroup;
			children = (
				4A6FBA72211C7B6700C43CB4 /* Base */,
			);
			name = LaunchScreen.storyboard;
			sourceTree = "<group>";
		};
/* End PBXVariantGroup section */

/* Begin XCBuildConfiguration section */
		4A6FBA75211C7B6700C43CB4 /* Debug */ = {
			isa = XCBuildConfiguration;
			buildSettings = {
				ALWAYS_SEARCH_USER_PATHS = NO;
				CLANG_ANALYZER_NONNULL = YES;
				CLANG_ANALYZER_NUMBER_OBJECT_CONVERSION = YES_AGGRESSIVE;
				CLANG_CXX_LANGUAGE_STANDARD = "gnu++14";
				CLANG_CXX_LIBRARY = "libc++";
				CLANG_ENABLE_MODULES = YES;
				CLANG_ENABLE_OBJC_ARC = YES;
				CLANG_ENABLE_OBJC_WEAK = YES;
				CLANG_WARN_BLOCK_CAPTURE_AUTORELEASING = YES;
				CLANG_WARN_BOOL_CONVERSION = YES;
				CLANG_WARN_COMMA = YES;
				CLANG_WARN_CONSTANT_CONVERSION = YES;
				CLANG_WARN_DEPRECATED_OBJC_IMPLEMENTATIONS = YES;
				CLANG_WARN_DIRECT_OBJC_ISA_USAGE = YES_ERROR;
				CLANG_WARN_DOCUMENTATION_COMMENTS = YES;
				CLANG_WARN_EMPTY_BODY = YES;
				CLANG_WARN_ENUM_CONVERSION = YES;
				CLANG_WARN_INFINITE_RECURSION = YES;
				CLANG_WARN_INT_CONVERSION = YES;
				CLANG_WARN_NON_LITERAL_NULL_CONVERSION = YES;
				CLANG_WARN_OBJC_IMPLICIT_RETAIN_SELF = YES;
				CLANG_WARN_OBJC_LITERAL_CONVERSION = YES;
				CLANG_WARN_OBJC_ROOT_CLASS = YES_ERROR;
				CLANG_WARN_RANGE_LOOP_ANALYSIS = YES;
				CLANG_WARN_STRICT_PROTOTYPES = YES;
				CLANG_WARN_SUSPICIOUS_MOVE = YES;
				CLANG_WARN_UNGUARDED_AVAILABILITY = YES_AGGRESSIVE;
				CLANG_WARN_UNREACHABLE_CODE = YES;
				CLANG_WARN__DUPLICATE_METHOD_MATCH = YES;
				CODE_SIGN_IDENTITY = "iPhone Developer";
				COPY_PHASE_STRIP = NO;
				DEBUG_INFORMATION_FORMAT = dwarf;
				ENABLE_STRICT_OBJC_MSGSEND = YES;
				ENABLE_TESTABILITY = YES;
				GCC_C_LANGUAGE_STANDARD = gnu11;
				GCC_DYNAMIC_NO_PIC = NO;
				GCC_NO_COMMON_BLOCKS = YES;
				GCC_OPTIMIZATION_LEVEL = 0;
				GCC_PREPROCESSOR_DEFINITIONS = (
					"DEBUG=1",
					"$(inherited)",
				);
				GCC_WARN_64_TO_32_BIT_CONVERSION = YES;
				GCC_WARN_ABOUT_RETURN_TYPE = YES_ERROR;
				GCC_WARN_UNDECLARED_SELECTOR = YES;
				GCC_WARN_UNINITIALIZED_AUTOS = YES_AGGRESSIVE;
				GCC_WARN_UNUSED_FUNCTION = YES;
				GCC_WARN_UNUSED_VARIABLE = YES;
				IPHONEOS_DEPLOYMENT_TARGET = 11.4;
				MTL_ENABLE_DEBUG_INFO = YES;
				ONLY_ACTIVE_ARCH = YES;
				SDKROOT = iphoneos;
				SWIFT_ACTIVE_COMPILATION_CONDITIONS = DEBUG;
				SWIFT_OPTIMIZATION_LEVEL = "-Onone";
			};
			name = Debug;
		};
		4A6FBA76211C7B6700C43CB4 /* Release */ = {
			isa = XCBuildConfiguration;
			buildSettings = {
				ALWAYS_SEARCH_USER_PATHS = NO;
				CLANG_ANALYZER_NONNULL = YES;
				CLANG_ANALYZER_NUMBER_OBJECT_CONVERSION = YES_AGGRESSIVE;
				CLANG_CXX_LANGUAGE_STANDARD = "gnu++14";
				CLANG_CXX_LIBRARY = "libc++";
				CLANG_ENABLE_MODULES = YES;
				CLANG_ENABLE_OBJC_ARC = YES;
				CLANG_ENABLE_OBJC_WEAK = YES;
				CLANG_WARN_BLOCK_CAPTURE_AUTORELEASING = YES;
				CLANG_WARN_BOOL_CONVERSION = YES;
				CLANG_WARN_COMMA = YES;
				CLANG_WARN_CONSTANT_CONVERSION = YES;
				CLANG_WARN_DEPRECATED_OBJC_IMPLEMENTATIONS = YES;
				CLANG_WARN_DIRECT_OBJC_ISA_USAGE = YES_ERROR;
				CLANG_WARN_DOCUMENTATION_COMMENTS = YES;
				CLANG_WARN_EMPTY_BODY = YES;
				CLANG_WARN_ENUM_CONVERSION = YES;
				CLANG_WARN_INFINITE_RECURSION = YES;
				CLANG_WARN_INT_CONVERSION = YES;
				CLANG_WARN_NON_LITERAL_NULL_CONVERSION = YES;
				CLANG_WARN_OBJC_IMPLICIT_RETAIN_SELF = YES;
				CLANG_WARN_OBJC_LITERAL_CONVERSION = YES;
				CLANG_WARN_OBJC_ROOT_CLASS = YES_ERROR;
				CLANG_WARN_RANGE_LOOP_ANALYSIS = YES;
				CLANG_WARN_STRICT_PROTOTYPES = YES;
				CLANG_WARN_SUSPICIOUS_MOVE = YES;
				CLANG_WARN_UNGUARDED_AVAILABILITY = YES_AGGRESSIVE;
				CLANG_WARN_UNREACHABLE_CODE = YES;
				CLANG_WARN__DUPLICATE_METHOD_MATCH = YES;
				CODE_SIGN_IDENTITY = "iPhone Developer";
				COPY_PHASE_STRIP = NO;
				DEBUG_INFORMATION_FORMAT = "dwarf-with-dsym";
				ENABLE_NS_ASSERTIONS = NO;
				ENABLE_STRICT_OBJC_MSGSEND = YES;
				GCC_C_LANGUAGE_STANDARD = gnu11;
				GCC_NO_COMMON_BLOCKS = YES;
				GCC_WARN_64_TO_32_BIT_CONVERSION = YES;
				GCC_WARN_ABOUT_RETURN_TYPE = YES_ERROR;
				GCC_WARN_UNDECLARED_SELECTOR = YES;
				GCC_WARN_UNINITIALIZED_AUTOS = YES_AGGRESSIVE;
				GCC_WARN_UNUSED_FUNCTION = YES;
				GCC_WARN_UNUSED_VARIABLE = YES;
				IPHONEOS_DEPLOYMENT_TARGET = 11.4;
				MTL_ENABLE_DEBUG_INFO = NO;
				SDKROOT = iphoneos;
				SWIFT_COMPILATION_MODE = wholemodule;
				SWIFT_OPTIMIZATION_LEVEL = "-O";
				VALIDATE_PRODUCT = YES;
			};
			name = Release;
		};
		4A6FBA78211C7B6700C43CB4 /* Debug */ = {
			isa = XCBuildConfiguration;
			baseConfigurationReference = 4A741E8D0FCB2EE741F1B314 /* Pods-testDycode.debug.xcconfig */;
			buildSettings = {
				ASSETCATALOG_COMPILER_APPICON_NAME = AppIcon;
				CODE_SIGN_STYLE = Automatic;
				DEVELOPMENT_TEAM = 5K7MANSHYK;
				INFOPLIST_FILE = testDycode/Info.plist;
				LD_RUNPATH_SEARCH_PATHS = (
					"$(inherited)",
					"@executable_path/Frameworks",
				);
				PRODUCT_BUNDLE_IDENTIFIER = tm.testDycode;
				PRODUCT_NAME = "$(TARGET_NAME)";
				SWIFT_VERSION = 4.0;
				TARGETED_DEVICE_FAMILY = "1,2";
			};
			name = Debug;
		};
		4A6FBA79211C7B6700C43CB4 /* Release */ = {
			isa = XCBuildConfiguration;
			baseConfigurationReference = 3E09B7C263C3FE8ED01F5586 /* Pods-testDycode.release.xcconfig */;
			buildSettings = {
				ASSETCATALOG_COMPILER_APPICON_NAME = AppIcon;
				CODE_SIGN_STYLE = Automatic;
				DEVELOPMENT_TEAM = 5K7MANSHYK;
				INFOPLIST_FILE = testDycode/Info.plist;
				LD_RUNPATH_SEARCH_PATHS = (
					"$(inherited)",
					"@executable_path/Frameworks",
				);
				PRODUCT_BUNDLE_IDENTIFIER = tm.testDycode;
				PRODUCT_NAME = "$(TARGET_NAME)";
				SWIFT_VERSION = 4.0;
				TARGETED_DEVICE_FAMILY = "1,2";
			};
			name = Release;
		};
/* End XCBuildConfiguration section */

/* Begin XCConfigurationList section */
		4A6FBA60211C7B6100C43CB4 /* Build configuration list for PBXProject "testDycode" */ = {
			isa = XCConfigurationList;
			buildConfigurations = (
				4A6FBA75211C7B6700C43CB4 /* Debug */,
				4A6FBA76211C7B6700C43CB4 /* Release */,
			);
			defaultConfigurationIsVisible = 0;
			defaultConfigurationName = Release;
		};
		4A6FBA77211C7B6700C43CB4 /* Build configuration list for PBXNativeTarget "testDycode" */ = {
			isa = XCConfigurationList;
			buildConfigurations = (
				4A6FBA78211C7B6700C43CB4 /* Debug */,
				4A6FBA79211C7B6700C43CB4 /* Release */,
			);
			defaultConfigurationIsVisible = 0;
			defaultConfigurationName = Release;
		};
/* End XCConfigurationList section */
	};
	rootObject = 4A6FBA5D211C7B6100C43CB4 /* Project object */;
}
